
Microsoft Visual Studio Solution File, Format Version 12.00
# Visual Studio Version 17
VisualStudioVersion = 17.5.33516.290
MinimumVisualStudioVersion = 10.0.40219.1
Project("{FAE04EC0-301F-11D3-BF4B-00C04F79EFBC}") = "RoutingExample", "RoutingExample\RoutingExample.csproj", "{920E2393-9635-4348-A18C-BD07A0A5E6BE}"
EndProject
Global
	GlobalSection(SolutionConfigurationPlatforms) = preSolution
		Debug|Any CPU = Debug|Any CPU
		Release|Any CPU = Release|Any CPU
	EndGlobalSection
	GlobalSection(ProjectConfigurationPlatforms) = postSolution
		{920E2393-9635-4348-A18C-BD07A0A5E6BE}.Debug|Any CPU.ActiveCfg = Debug|Any CPU
		{920E2393-9635-4348-A18C-BD07A0A5E6BE}.Debug|Any CPU.Build.0 = Debug|Any CPU
		{920E2393-9635-4348-A18C-BD07A0A5E6BE}.Release|Any CPU.ActiveCfg = Release|Any CPU
		{920E2393-9635-4348-A18C-BD07A0A5E6BE}.Release|Any CPU.Build.0 = Release|Any CPU
	EndGlobalSection
	GlobalSection(SolutionProperties) = preSolution
		HideSolutionNode = FALSE
	EndGlobalSection
	GlobalSection(ExtensibilityGlobals) = postSolution
		SolutionGuid = {EDB871AE-9DCC-4708-BE20-260F5B9FCB05}
	EndGlobalSection
EndGlobal
